# This file is automatically @generated by Cargo.
# It is not intended for manual editing.
version = 4

[[package]]
name = "libc"
version = "0.2.186"
source = "registry+https://github.com/rust-lang/crates.io-index"
checksum = "68ab91017fe16c622486840e4c83c9a37afeff978bd239b5293d61ece587de66"

[[package]]
name = "rcc_drive"
version = "0.1.0"
dependencies = [
 "rppal",
]

[[package]]
name = "rppal"
version = "0.22.1"
source = "registry+https://github.com/rust-lang/crates.io-index"
checksum = "c1ce3b019009cff02cb6b0e96e7cc2e5c5b90187dc1a490f8ef1521d0596b026"
dependencies = [
 "libc",
]
